
Microsoft Visual Studio Solution File, Format Version 12.00
# Visual Studio Version 17
VisualStudioVersion = 17.0.31903.59
MinimumVisualStudioVersion = 10.0.40219.1
Project("{9A19103F-16F7-4668-BE54-9A1E7A4F7556}") = "RiverBooks.Web", "RiverBooks.Web\RiverBooks.Web.csproj", "{7CA9A8C5-20AF-485B-8F48-A6EBC284ABEF}"
EndProject
Project("{9A19103F-16F7-4668-BE54-9A1E7A4F7556}") = "RiverBooks.Books", "RiverBooks.Books\RiverBooks.Books.csproj", "{9A419BD9-84CD-40DA-BE35-8684A910E362}"
EndProject
Project("{2150E333-8FDC-42A3-9474-1A3956D46DE8}") = "_Solution Items", "_Solution Items", "{DAB927D6-6559-4E66-AB20-D70E85224051}"
	ProjectSection(SolutionItems) = preProject
		.editorconfig = .editorconfig
		Directory.Build.props = Directory.Build.props
	EndProjectSection
EndProject
Project("{9A19103F-16F7-4668-BE54-9A1E7A4F7556}") = "RiverBook.Books.Tests", "RiverBook.Books.Tests\RiverBook.Books.Tests.csproj", "{608F7898-F718-4DC5-A779-2F6ADCD52F6C}"
EndProject
Project("{2150E333-8FDC-42A3-9474-1A3956D46DE8}") = "Book Module", "Book Module", "{A12089D7-FF61-4B73-8792-16CAD7D05967}"
EndProject
Project("{2150E333-8FDC-42A3-9474-1A3956D46DE8}") = "User Module", "User Module", "{927C3CDE-5819-46C1-B4AF-9BD26DB9CDC0}"
EndProject
Project("{9A19103F-16F7-4668-BE54-9A1E7A4F7556}") = "RiverBooks.Users", "RiverBooks.Users\RiverBooks.Users.csproj", "{A8A16838-423F-4757-8998-857B49FA866F}"
EndProject
Project("{9A19103F-16F7-4668-BE54-9A1E7A4F7556}") = "RiverBook.Books.Contracts", "RiverBook.Books.Contracts\RiverBook.Books.Contracts.csproj", "{D095C10E-AC84-42B6-8B1C-3B693FBF5D9C}"
EndProject
Project("{2150E333-8FDC-42A3-9474-1A3956D46DE8}") = "OrderProcessing Module", "OrderProcessing Module", "{54D402EE-107A-481D-A89D-D1E26AE16D5F}"
EndProject
Project("{9A19103F-16F7-4668-BE54-9A1E7A4F7556}") = "RiverBooks.OrderProcessing", "RiverBooks.OrderProcessing\RiverBooks.OrderProcessing.csproj", "{1FFCC3F4-D869-4AC3-B711-3BA08985C30F}"
EndProject
Project("{9A19103F-16F7-4668-BE54-9A1E7A4F7556}") = "RiverBooks.OrderProcessing.Contracts", "RiverBooks.OrderProcessing.Contracts\RiverBooks.OrderProcessing.Contracts.csproj", "{89225983-EB3A-49EC-BF2F-737B34CDC2D7}"
EndProject
Project("{FAE04EC0-301F-11D3-BF4B-00C04F79EFBC}") = "RiverBooks.Users.Contracts", "RiverBooks.Users.Contracts\RiverBooks.Users.Contracts.csproj", "{B9A1C9C3-C539-4567-BDA3-58136307E81C}"
EndProject
Project("{FAE04EC0-301F-11D3-BF4B-00C04F79EFBC}") = "RiverBooks.SharedKernel", "RiverBooks.SharedKernel\RiverBooks.SharedKernel.csproj", "{465731CC-E476-477F-A207-AA2D7C34DA00}"
EndProject
Project("{FAE04EC0-301F-11D3-BF4B-00C04F79EFBC}") = "RiverBooks.OrderProcessing.Tests", "RiverBooks.OrderProcessing.Tests\RiverBooks.OrderProcessing.Tests.csproj", "{692C7D43-051A-40EB-9DBB-2F8B69039332}"
EndProject
Project("{2150E333-8FDC-42A3-9474-1A3956D46DE8}") = "EmailSending Module", "EmailSending Module", "{12F18B94-B294-43ED-BDC8-292AFD68C52F}"
EndProject
Project("{FAE04EC0-301F-11D3-BF4B-00C04F79EFBC}") = "RiverBooks.EmailSending", "RiverBooks.EmailSending\RiverBooks.EmailSending.csproj", "{DDE8455A-D7A3-4DA8-97DE-7D60D81F241D}"
EndProject
Project("{FAE04EC0-301F-11D3-BF4B-00C04F79EFBC}") = "RiverBooks.EmailSending.Contracts", "RiverBooks.EmailSending.Contracts\RiverBooks.EmailSending.Contracts.csproj", "{57A625BE-2F75-415B-B1C4-9DAC696C983C}"
EndProject
Global
	GlobalSection(SolutionConfigurationPlatforms) = preSolution
		Debug|Any CPU = Debug|Any CPU
		Release|Any CPU = Release|Any CPU
	EndGlobalSection
	GlobalSection(ProjectConfigurationPlatforms) = postSolution
		{7CA9A8C5-20AF-485B-8F48-A6EBC284ABEF}.Debug|Any CPU.ActiveCfg = Debug|Any CPU
		{7CA9A8C5-20AF-485B-8F48-A6EBC284ABEF}.Debug|Any CPU.Build.0 = Debug|Any CPU
		{7CA9A8C5-20AF-485B-8F48-A6EBC284ABEF}.Release|Any CPU.ActiveCfg = Release|Any CPU
		{7CA9A8C5-20AF-485B-8F48-A6EBC284ABEF}.Release|Any CPU.Build.0 = Release|Any CPU
		{9A419BD9-84CD-40DA-BE35-8684A910E362}.Debug|Any CPU.ActiveCfg = Debug|Any CPU
		{9A419BD9-84CD-40DA-BE35-8684A910E362}.Debug|Any CPU.Build.0 = Debug|Any CPU
		{9A419BD9-84CD-40DA-BE35-8684A910E362}.Release|Any CPU.ActiveCfg = Release|Any CPU
		{9A419BD9-84CD-40DA-BE35-8684A910E362}.Release|Any CPU.Build.0 = Release|Any CPU
		{608F7898-F718-4DC5-A779-2F6ADCD52F6C}.Debug|Any CPU.ActiveCfg = Debug|Any CPU
		{608F7898-F718-4DC5-A779-2F6ADCD52F6C}.Debug|Any CPU.Build.0 = Debug|Any CPU
		{608F7898-F718-4DC5-A779-2F6ADCD52F6C}.Release|Any CPU.ActiveCfg = Release|Any CPU
		{608F7898-F718-4DC5-A779-2F6ADCD52F6C}.Release|Any CPU.Build.0 = Release|Any CPU
		{A8A16838-423F-4757-8998-857B49FA866F}.Debug|Any CPU.ActiveCfg = Debug|Any CPU
		{A8A16838-423F-4757-8998-857B49FA866F}.Debug|Any CPU.Build.0 = Debug|Any CPU
		{A8A16838-423F-4757-8998-857B49FA866F}.Release|Any CPU.ActiveCfg = Release|Any CPU
		{A8A16838-423F-4757-8998-857B49FA866F}.Release|Any CPU.Build.0 = Release|Any CPU
		{D095C10E-AC84-42B6-8B1C-3B693FBF5D9C}.Debug|Any CPU.ActiveCfg = Debug|Any CPU
		{D095C10E-AC84-42B6-8B1C-3B693FBF5D9C}.Debug|Any CPU.Build.0 = Debug|Any CPU
		{D095C10E-AC84-42B6-8B1C-3B693FBF5D9C}.Release|Any CPU.ActiveCfg = Release|Any CPU
		{D095C10E-AC84-42B6-8B1C-3B693FBF5D9C}.Release|Any CPU.Build.0 = Release|Any CPU
		{1FFCC3F4-D869-4AC3-B711-3BA08985C30F}.Debug|Any CPU.ActiveCfg = Debug|Any CPU
		{1FFCC3F4-D869-4AC3-B711-3BA08985C30F}.Debug|Any CPU.Build.0 = Debug|Any CPU
		{1FFCC3F4-D869-4AC3-B711-3BA08985C30F}.Release|Any CPU.ActiveCfg = Release|Any CPU
		{1FFCC3F4-D869-4AC3-B711-3BA08985C30F}.Release|Any CPU.Build.0 = Release|Any CPU
		{89225983-EB3A-49EC-BF2F-737B34CDC2D7}.Debug|Any CPU.ActiveCfg = Debug|Any CPU
		{89225983-EB3A-49EC-BF2F-737B34CDC2D7}.Debug|Any CPU.Build.0 = Debug|Any CPU
		{89225983-EB3A-49EC-BF2F-737B34CDC2D7}.Release|Any CPU.ActiveCfg = Release|Any CPU
		{89225983-EB3A-49EC-BF2F-737B34CDC2D7}.Release|Any CPU.Build.0 = Release|Any CPU
		{B9A1C9C3-C539-4567-BDA3-58136307E81C}.Debug|Any CPU.ActiveCfg = Debug|Any CPU
		{B9A1C9C3-C539-4567-BDA3-58136307E81C}.Debug|Any CPU.Build.0 = Debug|Any CPU
		{B9A1C9C3-C539-4567-BDA3-58136307E81C}.Release|Any CPU.ActiveCfg = Release|Any CPU
		{B9A1C9C3-C539-4567-BDA3-58136307E81C}.Release|Any CPU.Build.0 = Release|Any CPU
		{465731CC-E476-477F-A207-AA2D7C34DA00}.Debug|Any CPU.ActiveCfg = Debug|Any CPU
		{465731CC-E476-477F-A207-AA2D7C34DA00}.Debug|Any CPU.Build.0 = Debug|Any CPU
		{465731CC-E476-477F-A207-AA2D7C34DA00}.Release|Any CPU.ActiveCfg = Release|Any CPU
		{465731CC-E476-477F-A207-AA2D7C34DA00}.Release|Any CPU.Build.0 = Release|Any CPU
		{692C7D43-051A-40EB-9DBB-2F8B69039332}.Debug|Any CPU.ActiveCfg = Debug|Any CPU
		{692C7D43-051A-40EB-9DBB-2F8B69039332}.Debug|Any CPU.Build.0 = Debug|Any CPU
		{692C7D43-051A-40EB-9DBB-2F8B69039332}.Release|Any CPU.ActiveCfg = Release|Any CPU
		{692C7D43-051A-40EB-9DBB-2F8B69039332}.Release|Any CPU.Build.0 = Release|Any CPU
		{DDE8455A-D7A3-4DA8-97DE-7D60D81F241D}.Debug|Any CPU.ActiveCfg = Debug|Any CPU
		{DDE8455A-D7A3-4DA8-97DE-7D60D81F241D}.Debug|Any CPU.Build.0 = Debug|Any CPU
		{DDE8455A-D7A3-4DA8-97DE-7D60D81F241D}.Release|Any CPU.ActiveCfg = Release|Any CPU
		{DDE8455A-D7A3-4DA8-97DE-7D60D81F241D}.Release|Any CPU.Build.0 = Release|Any CPU
		{57A625BE-2F75-415B-B1C4-9DAC696C983C}.Debug|Any CPU.ActiveCfg = Debug|Any CPU
		{57A625BE-2F75-415B-B1C4-9DAC696C983C}.Debug|Any CPU.Build.0 = Debug|Any CPU
		{57A625BE-2F75-415B-B1C4-9DAC696C983C}.Release|Any CPU.ActiveCfg = Release|Any CPU
		{57A625BE-2F75-415B-B1C4-9DAC696C983C}.Release|Any CPU.Build.0 = Release|Any CPU
	EndGlobalSection
	GlobalSection(SolutionProperties) = preSolution
		HideSolutionNode = FALSE
	EndGlobalSection
	GlobalSection(NestedProjects) = preSolution
		{9A419BD9-84CD-40DA-BE35-8684A910E362} = {A12089D7-FF61-4B73-8792-16CAD7D05967}
		{608F7898-F718-4DC5-A779-2F6ADCD52F6C} = {A12089D7-FF61-4B73-8792-16CAD7D05967}
		{A8A16838-423F-4757-8998-857B49FA866F} = {927C3CDE-5819-46C1-B4AF-9BD26DB9CDC0}
		{D095C10E-AC84-42B6-8B1C-3B693FBF5D9C} = {A12089D7-FF61-4B73-8792-16CAD7D05967}
		{1FFCC3F4-D869-4AC3-B711-3BA08985C30F} = {54D402EE-107A-481D-A89D-D1E26AE16D5F}
		{89225983-EB3A-49EC-BF2F-737B34CDC2D7} = {54D402EE-107A-481D-A89D-D1E26AE16D5F}
		{B9A1C9C3-C539-4567-BDA3-58136307E81C} = {927C3CDE-5819-46C1-B4AF-9BD26DB9CDC0}
		{692C7D43-051A-40EB-9DBB-2F8B69039332} = {54D402EE-107A-481D-A89D-D1E26AE16D5F}
		{DDE8455A-D7A3-4DA8-97DE-7D60D81F241D} = {12F18B94-B294-43ED-BDC8-292AFD68C52F}
		{57A625BE-2F75-415B-B1C4-9DAC696C983C} = {12F18B94-B294-43ED-BDC8-292AFD68C52F}
	EndGlobalSection
	GlobalSection(ExtensibilityGlobals) = postSolution
		SolutionGuid = {74485B6B-864F-41E6-A885-5DFA306B9022}
	EndGlobalSection
EndGlobal
